PODS:
  - ReactiveCocoa (2.2):
    - ReactiveCocoa/Core
    - ReactiveCocoa/no-arc
  - ReactiveCocoa/Core (2.2):
    - ReactiveCocoa/no-arc
  - ReactiveCocoa/no-arc (2.2)

DEPENDENCIES:
  - ReactiveCocoa (= 2.2)

SPEC CHECKSUMS:
  ReactiveCocoa: 5b340678dc3168d6c9a2ca70fb83df683c08ca02

COCOAPODS: 0.29.0
