// !$*UTF8*$!
{
	archiveVersion = 1;
	classes = {
	};
	objectVersion = 46;
	objects = {

/* Begin PBXBuildFile section */
		A3A8E0343E5B40D2A6ECA1E0 /* libPods.a in Frameworks */ = {isa = PBXBuildFile; fileRef = 5B205D9F76C54EED83B92297 /* libPods.a */; };
		DBBA69C41793575E00DC0101 /* UIKit.framework in Frameworks */ = {isa = PBXBuildFile; fileRef = DBBA69C31793575E00DC0101 /* UIKit.framework */; };
		DBBA69C61793575E00DC0101 /* Foundation.framework in Frameworks */ = {isa = PBXBuildFile; fileRef = DBBA69C51793575E00DC0101 /* Foundation.framework */; };
		DBBA69C81793575E00DC0101 /* CoreGraphics.framework in Frameworks */ = {isa = PBXBuildFile; fileRef = DBBA69C71793575E00DC0101 /* CoreGraphics.framework */; };
		DBBA69CE1793575E00DC0101 /* InfoPlist.strings in Resources */ = {isa = PBXBuildFile; fileRef = DBBA69CC1793575E00DC0101 /* InfoPlist.strings */; };
		DBBA69D01793575E00DC0101 /* main.m in Sources */ = {isa = PBXBuildFile; fileRef = DBBA69CF1793575E00DC0101 /* main.m */; };
		DBBA69D41793575E00DC0101 /* TLAppDelegate.m in Sources */ = {isa = PBXBuildFile; fileRef = DBBA69D31793575E00DC0101 /* TLAppDelegate.m */; };
		DBBA69D61793575E00DC0101 /* Default.png in Resources */ = {isa = PBXBuildFile; fileRef = DBBA69D51793575E00DC0101 /* Default.png */; };
		DBBA69D81793575E00DC0101 /* Default@2x.png in Resources */ = {isa = PBXBuildFile; fileRef = DBBA69D71793575E00DC0101 /* Default@2x.png */; };
		DBBA69DA1793575E00DC0101 /* Default-568h@2x.png in Resources */ = {isa = PBXBuildFile; fileRef = DBBA69D91793575E00DC0101 /* Default-568h@2x.png */; };
		DBBA69DD1793575E00DC0101 /* MainStoryboard.storyboard in Resources */ = {isa = PBXBuildFile; fileRef = DBBA69DB1793575E00DC0101 /* MainStoryboard.storyboard */; };
		DBBA69E01793575E00DC0101 /* TLViewController.m in Sources */ = {isa = PBXBuildFile; fileRef = DBBA69DF1793575E00DC0101 /* TLViewController.m */; };
		DBBA69E81793647000DC0101 /* RACGestureViewController.m in Sources */ = {isa = PBXBuildFile; fileRef = DBBA69E71793647000DC0101 /* RACGestureViewController.m */; };
		DBBA69EC1793658C00DC0101 /* TLDataSource.m in Sources */ = {isa = PBXBuildFile; fileRef = DBBA69EB1793658C00DC0101 /* TLDataSource.m */; };
		DBBA69F61793856B00DC0101 /* RACTextFieldViewController.m in Sources */ = {isa = PBXBuildFile; fileRef = DBBA69F51793856B00DC0101 /* RACTextFieldViewController.m */; };
		DBBA69FB17938BEA00DC0101 /* GreenStar.png in Resources */ = {isa = PBXBuildFile; fileRef = DBBA69F717938BEA00DC0101 /* GreenStar.png */; };
		DBBA69FC17938BEA00DC0101 /* GreenStar@2x.png in Resources */ = {isa = PBXBuildFile; fileRef = DBBA69F817938BEA00DC0101 /* GreenStar@2x.png */; };
		DBBA69FD17938BEA00DC0101 /* RedStar.png in Resources */ = {isa = PBXBuildFile; fileRef = DBBA69F917938BEA00DC0101 /* RedStar.png */; };
		DBBA69FE17938BEA00DC0101 /* RedStar@2x.png in Resources */ = {isa = PBXBuildFile; fileRef = DBBA69FA17938BEA00DC0101 /* RedStar@2x.png */; };
/* End PBXBuildFile section */

/* Begin PBXFileReference section */
		1ED7C6B2106F4D80868A1E06 /* Pods.xcconfig */ = {isa = PBXFileReference; includeInIndex = 1; lastKnownFileType = text.xcconfig; name = Pods.xcconfig; path = Pods/Pods.xcconfig; sourceTree = SOURCE_ROOT; };
		5B205D9F76C54EED83B92297 /* libPods.a */ = {isa = PBXFileReference; explicitFileType = archive.ar; includeInIndex = 0; path = libPods.a; sourceTree = BUILT_PRODUCTS_DIR; };
		DBBA69C01793575E00DC0101 /* RACExample.app */ = {isa = PBXFileReference; explicitFileType = wrapper.application; includeInIndex = 0; path = RACExample.app; sourceTree = BUILT_PRODUCTS_DIR; };
		DBBA69C31793575E00DC0101 /* UIKit.framework */ = {isa = PBXFileReference; lastKnownFileType = wrapper.framework; name = UIKit.framework; path = System/Library/Frameworks/UIKit.framework; sourceTree = SDKROOT; };
		DBBA69C51793575E00DC0101 /* Foundation.framework */ = {isa = PBXFileReference; lastKnownFileType = wrapper.framework; name = Foundation.framework; path = System/Library/Frameworks/Foundation.framework; sourceTree = SDKROOT; };
		DBBA69C71793575E00DC0101 /* CoreGraphics.framework */ = {isa = PBXFileReference; lastKnownFileType = wrapper.framework; name = CoreGraphics.framework; path = System/Library/Frameworks/CoreGraphics.framework; sourceTree = SDKROOT; };
		DBBA69CB1793575E00DC0101 /* RACExample-Info.plist */ = {isa = PBXFileReference; lastKnownFileType = text.plist.xml; path = "RACExample-Info.plist"; sourceTree = "<group>"; };
		DBBA69CD1793575E00DC0101 /* en */ = {isa = PBXFileReference; lastKnownFileType = text.plist.strings; name = en; path = en.lproj/InfoPlist.strings; sourceTree = "<group>"; };
		DBBA69CF1793575E00DC0101 /* main.m */ = {isa = PBXFileReference; lastKnownFileType = sourcecode.c.objc; path = main.m; sourceTree = "<group>"; };
		DBBA69D11793575E00DC0101 /* RACExample-Prefix.pch */ = {isa = PBXFileReference; lastKnownFileType = sourcecode.c.h; path = "RACExample-Prefix.pch"; sourceTree = "<group>"; };
		DBBA69D21793575E00DC0101 /* TLAppDelegate.h */ = {isa = PBXFileReference; lastKnownFileType = sourcecode.c.h; path = TLAppDelegate.h; sourceTree = "<group>"; };
		DBBA69D31793575E00DC0101 /* TLAppDelegate.m */ = {isa = PBXFileReference; lastKnownFileType = sourcecode.c.objc; path = TLAppDelegate.m; sourceTree = "<group>"; };
		DBBA69D51793575E00DC0101 /* Default.png */ = {isa = PBXFileReference; lastKnownFileType = image.png; path = Default.png; sourceTree = "<group>"; };
		DBBA69D71793575E00DC0101 /* Default@2x.png */ = {isa = PBXFileReference; lastKnownFileType = image.png; path = "Default@2x.png"; sourceTree = "<group>"; };
		DBBA69D91793575E00DC0101 /* Default-568h@2x.png */ = {isa = PBXFileReference; lastKnownFileType = image.png; path = "Default-568h@2x.png"; sourceTree = "<group>"; };
		DBBA69DC1793575E00DC0101 /* en */ = {isa = PBXFileReference; lastKnownFileType = file.storyboard; name = en; path = en.lproj/MainStoryboard.storyboard; sourceTree = "<group>"; };
		DBBA69DE1793575E00DC0101 /* TLViewController.h */ = {isa = PBXFileReference; lastKnownFileType = sourcecode.c.h; path = TLViewController.h; sourceTree = "<group>"; };
		DBBA69DF1793575E00DC0101 /* TLViewController.m */ = {isa = PBXFileReference; lastKnownFileType = sourcecode.c.objc; path = TLViewController.m; sourceTree = "<group>"; };
		DBBA69E61793647000DC0101 /* RACGestureViewController.h */ = {isa = PBXFileReference; fileEncoding = 4; lastKnownFileType = sourcecode.c.h; path = RACGestureViewController.h; sourceTree = "<group>"; };
		DBBA69E71793647000DC0101 /* RACGestureViewController.m */ = {isa = PBXFileReference; fileEncoding = 4; lastKnownFileType = sourcecode.c.objc; path = RACGestureViewController.m; sourceTree = "<group>"; };
		DBBA69EA1793658C00DC0101 /* TLDataSource.h */ = {isa = PBXFileReference; fileEncoding = 4; lastKnownFileType = sourcecode.c.h; path = TLDataSource.h; sourceTree = "<group>"; };
		DBBA69EB1793658C00DC0101 /* TLDataSource.m */ = {isa = PBXFileReference; fileEncoding = 4; lastKnownFileType = sourcecode.c.objc; path = TLDataSource.m; sourceTree = "<group>"; };
		DBBA69F41793856B00DC0101 /* RACTextFieldViewController.h */ = {isa = PBXFileReference; fileEncoding = 4; lastKnownFileType = sourcecode.c.h; path = RACTextFieldViewController.h; sourceTree = "<group>"; };
		DBBA69F51793856B00DC0101 /* RACTextFieldViewController.m */ = {isa = PBXFileReference; fileEncoding = 4; lastKnownFileType = sourcecode.c.objc; path = RACTextFieldViewController.m; sourceTree = "<group>"; };
		DBBA69F717938BEA00DC0101 /* GreenStar.png */ = {isa = PBXFileReference; lastKnownFileType = image.png; path = GreenStar.png; sourceTree = "<group>"; };
		DBBA69F817938BEA00DC0101 /* GreenStar@2x.png */ = {isa = PBXFileReference; lastKnownFileType = image.png; path = "GreenStar@2x.png"; sourceTree = "<group>"; };
		DBBA69F917938BEA00DC0101 /* RedStar.png */ = {isa = PBXFileReference; lastKnownFileType = image.png; path = RedStar.png; sourceTree = "<group>"; };
		DBBA69FA17938BEA00DC0101 /* RedStar@2x.png */ = {isa = PBXFileReference; lastKnownFileType = image.png; path = "RedStar@2x.png"; sourceTree = "<group>"; };
/* End PBXFileReference section */

/* Begin PBXFrameworksBuildPhase section */
		DBBA69BD1793575E00DC0101 /* Frameworks */ = {
			isa = PBXFrameworksBuildPhase;
			buildActionMask = 2147483647;
			files = (
				DBBA69C41793575E00DC0101 /* UIKit.framework in Frameworks */,
				DBBA69C61793575E00DC0101 /* Foundation.framework in Frameworks */,
				DBBA69C81793575E00DC0101 /* CoreGraphics.framework in Frameworks */,
				A3A8E0343E5B40D2A6ECA1E0 /* libPods.a in Frameworks */,
			);
			runOnlyForDeploymentPostprocessing = 0;
		};
/* End PBXFrameworksBuildPhase section */

/* Begin PBXGroup section */
		DBBA69B71793575E00DC0101 = {
			isa = PBXGroup;
			children = (
				DBBA69C91793575E00DC0101 /* RACExample */,
				DBBA69C21793575E00DC0101 /* Frameworks */,
				DBBA69C11793575E00DC0101 /* Products */,
				1ED7C6B2106F4D80868A1E06 /* Pods.xcconfig */,
			);
			sourceTree = "<group>";
		};
		DBBA69C11793575E00DC0101 /* Products */ = {
			isa = PBXGroup;
			children = (
				DBBA69C01793575E00DC0101 /* RACExample.app */,
			);
			name = Products;
			sourceTree = "<group>";
		};
		DBBA69C21793575E00DC0101 /* Frameworks */ = {
			isa = PBXGroup;
			children = (
				DBBA69C31793575E00DC0101 /* UIKit.framework */,
				DBBA69C51793575E00DC0101 /* Foundation.framework */,
				DBBA69C71793575E00DC0101 /* CoreGraphics.framework */,
				5B205D9F76C54EED83B92297 /* libPods.a */,
			);
			name = Frameworks;
			sourceTree = "<group>";
		};
		DBBA69C91793575E00DC0101 /* RACExample */ = {
			isa = PBXGroup;
			children = (
				DBBA69F1179376DB00DC0101 /* App Delegate and Storyboard */,
				DBBA69E91793647D00DC0101 /* Gestures */,
				DBBA69F0179376B700DC0101 /* Text Fields */,
				DBBA69F2179376EE00DC0101 /* Root ViewController */,
				DBBA69F31793770000DC0101 /* Other Source Files */,
				DBBA69FF17938BF200DC0101 /* Resources */,
				DBBA69CA1793575E00DC0101 /* Supporting Files */,
			);
			path = RACExample;
			sourceTree = "<group>";
		};
		DBBA69CA1793575E00DC0101 /* Supporting Files */ = {
			isa = PBXGroup;
			children = (
				DBBA69CB1793575E00DC0101 /* RACExample-Info.plist */,
				DBBA69CC1793575E00DC0101 /* InfoPlist.strings */,
				DBBA69CF1793575E00DC0101 /* main.m */,
				DBBA69D11793575E00DC0101 /* RACExample-Prefix.pch */,
				DBBA69D51793575E00DC0101 /* Default.png */,
				DBBA69D71793575E00DC0101 /* Default@2x.png */,
				DBBA69D91793575E00DC0101 /* Default-568h@2x.png */,
			);
			name = "Supporting Files";
			sourceTree = "<group>";
		};
		DBBA69E91793647D00DC0101 /* Gestures */ = {
			isa = PBXGroup;
			children = (
				DBBA69E61793647000DC0101 /* RACGestureViewController.h */,
				DBBA69E71793647000DC0101 /* RACGestureViewController.m */,
			);
			name = Gestures;
			sourceTree = "<group>";
		};
		DBBA69F0179376B700DC0101 /* Text Fields */ = {
			isa = PBXGroup;
			children = (
				DBBA69F41793856B00DC0101 /* RACTextFieldViewController.h */,
				DBBA69F51793856B00DC0101 /* RACTextFieldViewController.m */,
			);
			name = "Text Fields";
			sourceTree = "<group>";
		};
		DBBA69F1179376DB00DC0101 /* App Delegate and Storyboard */ = {
			isa = PBXGroup;
			children = (
				DBBA69D21793575E00DC0101 /* TLAppDelegate.h */,
				DBBA69D31793575E00DC0101 /* TLAppDelegate.m */,
				DBBA69DB1793575E00DC0101 /* MainStoryboard.storyboard */,
			);
			name = "App Delegate and Storyboard";
			sourceTree = "<group>";
		};
		DBBA69F2179376EE00DC0101 /* Root ViewController */ = {
			isa = PBXGroup;
			children = (
				DBBA69DE1793575E00DC0101 /* TLViewController.h */,
				DBBA69DF1793575E00DC0101 /* TLViewController.m */,
			);
			name = "Root ViewController";
			sourceTree = "<group>";
		};
		DBBA69F31793770000DC0101 /* Other Source Files */ = {
			isa = PBXGroup;
			children = (
				DBBA69EA1793658C00DC0101 /* TLDataSource.h */,
				DBBA69EB1793658C00DC0101 /* TLDataSource.m */,
			);
			name = "Other Source Files";
			sourceTree = "<group>";
		};
		DBBA69FF17938BF200DC0101 /* Resources */ = {
			isa = PBXGroup;
			children = (
				DBBA69F717938BEA00DC0101 /* GreenStar.png */,
				DBBA69F817938BEA00DC0101 /* GreenStar@2x.png */,
				DBBA69F917938BEA00DC0101 /* RedStar.png */,
				DBBA69FA17938BEA00DC0101 /* RedStar@2x.png */,
			);
			name = Resources;
			sourceTree = "<group>";
		};
/* End PBXGroup section */

/* Begin PBXNativeTarget section */
		DBBA69BF1793575E00DC0101 /* RACExample */ = {
			isa = PBXNativeTarget;
			buildConfigurationList = DBBA69E31793575E00DC0101 /* Build configuration list for PBXNativeTarget "RACExample" */;
			buildPhases = (
				B8F29D8E410F41C193B8DCD6 /* Check Pods Manifest.lock */,
				DBBA69BC1793575E00DC0101 /* Sources */,
				DBBA69BD1793575E00DC0101 /* Frameworks */,
				DBBA69BE1793575E00DC0101 /* Resources */,
				FCC2EF3476C54256B4E4DA05 /* Copy Pods Resources */,
			);
			buildRules = (
			);
			dependencies = (
			);
			name = RACExample;
			productName = RACExample;
			productReference = DBBA69C01793575E00DC0101 /* RACExample.app */;
			productType = "com.apple.product-type.application";
		};
/* End PBXNativeTarget section */

/* Begin PBXProject section */
		DBBA69B81793575E00DC0101 /* Project object */ = {
			isa = PBXProject;
			attributes = {
				CLASSPREFIX = TL;
				LastUpgradeCheck = 0460;
				ORGANIZATIONNAME = "Terry Lewis";
			};
			buildConfigurationList = DBBA69BB1793575E00DC0101 /* Build configuration list for PBXProject "RACExample" */;
			compatibilityVersion = "Xcode 3.2";
			developmentRegion = English;
			hasScannedForEncodings = 0;
			knownRegions = (
				en,
			);
			mainGroup = DBBA69B71793575E00DC0101;
			productRefGroup = DBBA69C11793575E00DC0101 /* Products */;
			projectDirPath = "";
			projectRoot = "";
			targets = (
				DBBA69BF1793575E00DC0101 /* RACExample */,
			);
		};
/* End PBXProject section */

/* Begin PBXResourcesBuildPhase section */
		DBBA69BE1793575E00DC0101 /* Resources */ = {
			isa = PBXResourcesBuildPhase;
			buildActionMask = 2147483647;
			files = (
				DBBA69CE1793575E00DC0101 /* InfoPlist.strings in Resources */,
				DBBA69D61793575E00DC0101 /* Default.png in Resources */,
				DBBA69D81793575E00DC0101 /* Default@2x.png in Resources */,
				DBBA69DA1793575E00DC0101 /* Default-568h@2x.png in Resources */,
				DBBA69DD1793575E00DC0101 /* MainStoryboard.storyboard in Resources */,
				DBBA69FB17938BEA00DC0101 /* GreenStar.png in Resources */,
				DBBA69FC17938BEA00DC0101 /* GreenStar@2x.png in Resources */,
				DBBA69FD17938BEA00DC0101 /* RedStar.png in Resources */,
				DBBA69FE17938BEA00DC0101 /* RedStar@2x.png in Resources */,
			);
			runOnlyForDeploymentPostprocessing = 0;
		};
/* End PBXResourcesBuildPhase section */

/* Begin PBXShellScriptBuildPhase section */
		B8F29D8E410F41C193B8DCD6 /* Check Pods Manifest.lock */ = {
			isa = PBXShellScriptBuildPhase;
			buildActionMask = 2147483647;
			files = (
			);
			inputPaths = (
			);
			name = "Check Pods Manifest.lock";
			outputPaths = (
			);
			runOnlyForDeploymentPostprocessing = 0;
			shellPath = /bin/sh;
			shellScript = "diff \"${PODS_ROOT}/../Podfile.lock\" \"${PODS_ROOT}/Manifest.lock\" > /dev/null\nif [[ $? != 0 ]] ; then\n    cat << EOM\nerror: The sandbox is not in sync with the Podfile.lock. Run 'pod install' or update your CocoaPods installation.\nEOM\n    exit 1\nfi\n";
			showEnvVarsInLog = 0;
		};
		FCC2EF3476C54256B4E4DA05 /* Copy Pods Resources */ = {
			isa = PBXShellScriptBuildPhase;
			buildActionMask = 2147483647;
			files = (
			);
			inputPaths = (
			);
			name = "Copy Pods Resources";
			outputPaths = (
			);
			runOnlyForDeploymentPostprocessing = 0;
			shellPath = /bin/sh;
			shellScript = "\"${SRCROOT}/Pods/Pods-resources.sh\"\n";
			showEnvVarsInLog = 0;
		};
/* End PBXShellScriptBuildPhase section */

/* Begin PBXSourcesBuildPhase section */
		DBBA69BC1793575E00DC0101 /* Sources */ = {
			isa = PBXSourcesBuildPhase;
			buildActionMask = 2147483647;
			files = (
				DBBA69D01793575E00DC0101 /* main.m in Sources */,
				DBBA69D41793575E00DC0101 /* TLAppDelegate.m in Sources */,
				DBBA69E01793575E00DC0101 /* TLViewController.m in Sources */,
				DBBA69E81793647000DC0101 /* RACGestureViewController.m in Sources */,
				DBBA69EC1793658C00DC0101 /* TLDataSource.m in Sources */,
				DBBA69F61793856B00DC0101 /* RACTextFieldViewController.m in Sources */,
			);
			runOnlyForDeploymentPostprocessing = 0;
		};
/* End PBXSourcesBuildPhase section */

/* Begin PBXVariantGroup section */
		DBBA69CC1793575E00DC0101 /* InfoPlist.strings */ = {
			isa = PBXVariantGroup;
			children = (
				DBBA69CD1793575E00DC0101 /* en */,
			);
			name = InfoPlist.strings;
			sourceTree = "<group>";
		};
		DBBA69DB1793575E00DC0101 /* MainStoryboard.storyboard */ = {
			isa = PBXVariantGroup;
			children = (
				DBBA69DC1793575E00DC0101 /* en */,
			);
			name = MainStoryboard.storyboard;
			sourceTree = "<group>";
		};
/* End PBXVariantGroup section */

/* Begin XCBuildConfiguration section */
		DBBA69E11793575E00DC0101 /* Debug */ = {
			isa = XCBuildConfiguration;
			buildSettings = {
				ALWAYS_SEARCH_USER_PATHS = NO;
				CLANG_CXX_LANGUAGE_STANDARD = "gnu++0x";
				CLANG_CXX_LIBRARY = "libc++";
				CLANG_ENABLE_OBJC_ARC = YES;
				CLANG_WARN_CONSTANT_CONVERSION = YES;
				CLANG_WARN_EMPTY_BODY = YES;
				CLANG_WARN_ENUM_CONVERSION = YES;
				CLANG_WARN_INT_CONVERSION = YES;
				CLANG_WARN__DUPLICATE_METHOD_MATCH = YES;
				"CODE_SIGN_IDENTITY[sdk=iphoneos*]" = "iPhone Developer";
				COPY_PHASE_STRIP = NO;
				GCC_C_LANGUAGE_STANDARD = gnu99;
				GCC_DYNAMIC_NO_PIC = NO;
				GCC_OPTIMIZATION_LEVEL = 0;
				GCC_PREPROCESSOR_DEFINITIONS = (
					"DEBUG=1",
					"$(inherited)",
				);
				GCC_SYMBOLS_PRIVATE_EXTERN = NO;
				GCC_WARN_ABOUT_RETURN_TYPE = YES;
				GCC_WARN_UNINITIALIZED_AUTOS = YES;
				GCC_WARN_UNUSED_VARIABLE = YES;
				IPHONEOS_DEPLOYMENT_TARGET = 6.1;
				ONLY_ACTIVE_ARCH = YES;
				SDKROOT = iphoneos;
			};
			name = Debug;
		};
		DBBA69E21793575E00DC0101 /* Release */ = {
			isa = XCBuildConfiguration;
			buildSettings = {
				ALWAYS_SEARCH_USER_PATHS = NO;
				CLANG_CXX_LANGUAGE_STANDARD = "gnu++0x";
				CLANG_CXX_LIBRARY = "libc++";
				CLANG_ENABLE_OBJC_ARC = YES;
				CLANG_WARN_CONSTANT_CONVERSION = YES;
				CLANG_WARN_EMPTY_BODY = YES;
				CLANG_WARN_ENUM_CONVERSION = YES;
				CLANG_WARN_INT_CONVERSION = YES;
				CLANG_WARN__DUPLICATE_METHOD_MATCH = YES;
				"CODE_SIGN_IDENTITY[sdk=iphoneos*]" = "iPhone Developer";
				COPY_PHASE_STRIP = YES;
				GCC_C_LANGUAGE_STANDARD = gnu99;
				GCC_WARN_ABOUT_RETURN_TYPE = YES;
				GCC_WARN_UNINITIALIZED_AUTOS = YES;
				GCC_WARN_UNUSED_VARIABLE = YES;
				IPHONEOS_DEPLOYMENT_TARGET = 6.1;
				OTHER_CFLAGS = "-DNS_BLOCK_ASSERTIONS=1";
				SDKROOT = iphoneos;
				VALIDATE_PRODUCT = YES;
			};
			name = Release;
		};
		DBBA69E41793575E00DC0101 /* Debug */ = {
			isa = XCBuildConfiguration;
			baseConfigurationReference = 1ED7C6B2106F4D80868A1E06 /* Pods.xcconfig */;
			buildSettings = {
				GCC_PRECOMPILE_PREFIX_HEADER = YES;
				GCC_PREFIX_HEADER = "RACExample/RACExample-Prefix.pch";
				INFOPLIST_FILE = "RACExample/RACExample-Info.plist";
				PRODUCT_NAME = "$(TARGET_NAME)";
				WRAPPER_EXTENSION = app;
			};
			name = Debug;
		};
		DBBA69E51793575E00DC0101 /* Release */ = {
			isa = XCBuildConfiguration;
			baseConfigurationReference = 1ED7C6B2106F4D80868A1E06 /* Pods.xcconfig */;
			buildSettings = {
				GCC_PRECOMPILE_PREFIX_HEADER = YES;
				GCC_PREFIX_HEADER = "RACExample/RACExample-Prefix.pch";
				INFOPLIST_FILE = "RACExample/RACExample-Info.plist";
				PRODUCT_NAME = "$(TARGET_NAME)";
				WRAPPER_EXTENSION = app;
			};
			name = Release;
		};
/* End XCBuildConfiguration section */

/* Begin XCConfigurationList section */
		DBBA69BB1793575E00DC0101 /* Build configuration list for PBXProject "RACExample" */ = {
			isa = XCConfigurationList;
			buildConfigurations = (
				DBBA69E11793575E00DC0101 /* Debug */,
				DBBA69E21793575E00DC0101 /* Release */,
			);
			defaultConfigurationIsVisible = 0;
			defaultConfigurationName = Release;
		};
		DBBA69E31793575E00DC0101 /* Build configuration list for PBXNativeTarget "RACExample" */ = {
			isa = XCConfigurationList;
			buildConfigurations = (
				DBBA69E41793575E00DC0101 /* Debug */,
				DBBA69E51793575E00DC0101 /* Release */,
			);
			defaultConfigurationIsVisible = 0;
			defaultConfigurationName = Release;
		};
/* End XCConfigurationList section */
	};
	rootObject = DBBA69B81793575E00DC0101 /* Project object */;
}
